// !$*UTF8*$!
{
	archiveVersion = 1;
	classes = {
	};
	objectVersion = 50;
	objects = {

/* Begin PBXBuildFile section */
		E101E40423838A8E0006C296 /* TRCache.swift in Sources */ = {isa = PBXBuildFile; fileRef = E101E40323838A8E0006C296 /* TRCache.swift */; };
		E101E4062383AB3F0006C296 /* TRCommon.swift in Sources */ = {isa = PBXBuildFile; fileRef = E101E4052383AB3F0006C296 /* TRCommon.swift */; };
		E101E4092383D5E60006C296 /* TaskInfo.swift in Sources */ = {isa = PBXBuildFile; fileRef = E101E4082383D5E60006C296 /* TaskInfo.swift */; };
		E101E40B2383D9900006C296 /* UIDevice+Free.swift in Sources */ = {isa = PBXBuildFile; fileRef = E101E40A2383D9900006C296 /* UIDevice+Free.swift */; };
		E1385E0C2382E03000DC580C /* TRDownloadTask.swift in Sources */ = {isa = PBXBuildFile; fileRef = E1385E0B2382E03000DC580C /* TRDownloadTask.swift */; };
		E1385E0E2382E0BA00DC580C /* TRURLConvertible.swift in Sources */ = {isa = PBXBuildFile; fileRef = E1385E0D2382E0BA00DC580C /* TRURLConvertible.swift */; };
		E1DA644C237FDD73005FD6A9 /* TiercelObjCBridge.h in Headers */ = {isa = PBXBuildFile; fileRef = E1DA644A237FDD73005FD6A9 /* TiercelObjCBridge.h */; settings = {ATTRIBUTES = (Public, ); }; };
		E1DA6454237FDDDA005FD6A9 /* TRSessionManager.swift in Sources */ = {isa = PBXBuildFile; fileRef = E1DA6453237FDDDA005FD6A9 /* TRSessionManager.swift */; };
		E1DA6460237FDFAC005FD6A9 /* Tiercel.framework in Frameworks */ = {isa = PBXBuildFile; fileRef = E1DA645F237FDFAC005FD6A9 /* Tiercel.framework */; };
		E1DA6461237FDFAC005FD6A9 /* Tiercel.framework in Embed Frameworks */ = {isa = PBXBuildFile; fileRef = E1DA645F237FDFAC005FD6A9 /* Tiercel.framework */; settings = {ATTRIBUTES = (CodeSignOnCopy, RemoveHeadersOnCopy, ); }; };
		E1DA646F237FE490005FD6A9 /* AppDelegate.m in Sources */ = {isa = PBXBuildFile; fileRef = E1DA646E237FE490005FD6A9 /* AppDelegate.m */; };
		E1DA6475237FE490005FD6A9 /* ViewController.m in Sources */ = {isa = PBXBuildFile; fileRef = E1DA6474237FE490005FD6A9 /* ViewController.m */; };
		E1DA6478237FE490005FD6A9 /* Main.storyboard in Resources */ = {isa = PBXBuildFile; fileRef = E1DA6476237FE490005FD6A9 /* Main.storyboard */; };
		E1DA647A237FE492005FD6A9 /* Assets.xcassets in Resources */ = {isa = PBXBuildFile; fileRef = E1DA6479237FE492005FD6A9 /* Assets.xcassets */; };
		E1DA647D237FE492005FD6A9 /* LaunchScreen.storyboard in Resources */ = {isa = PBXBuildFile; fileRef = E1DA647B237FE492005FD6A9 /* LaunchScreen.storyboard */; };
		E1DA6480237FE492005FD6A9 /* main.m in Sources */ = {isa = PBXBuildFile; fileRef = E1DA647F237FE492005FD6A9 /* main.m */; };
		E1DA6485237FEF22005FD6A9 /* TRSessionConfiguration.swift in Sources */ = {isa = PBXBuildFile; fileRef = E1DA6484237FEF22005FD6A9 /* TRSessionConfiguration.swift */; };
/* End PBXBuildFile section */

/* Begin PBXCopyFilesBuildPhase section */
		E1DA6462237FDFAC005FD6A9 /* Embed Frameworks */ = {
			isa = PBXCopyFilesBuildPhase;
			buildActionMask = 2147483647;
			dstPath = "";
			dstSubfolderSpec = 10;
			files = (
				E1DA6461237FDFAC005FD6A9 /* Tiercel.framework in Embed Frameworks */,
			);
			name = "Embed Frameworks";
			runOnlyForDeploymentPostprocessing = 0;
		};
/* End PBXCopyFilesBuildPhase section */

/* Begin PBXFileReference section */
		E101E40323838A8E0006C296 /* TRCache.swift */ = {isa = PBXFileReference; lastKnownFileType = sourcecode.swift; path = TRCache.swift; sourceTree = "<group>"; };
		E101E4052383AB3F0006C296 /* TRCommon.swift */ = {isa = PBXFileReference; lastKnownFileType = sourcecode.swift; path = TRCommon.swift; sourceTree = "<group>"; };
		E101E4082383D5E60006C296 /* TaskInfo.swift */ = {isa = PBXFileReference; lastKnownFileType = sourcecode.swift; path = TaskInfo.swift; sourceTree = "<group>"; };
		E101E40A2383D9900006C296 /* UIDevice+Free.swift */ = {isa = PBXFileReference; lastKnownFileType = sourcecode.swift; path = "UIDevice+Free.swift"; sourceTree = "<group>"; };
		E1385E0B2382E03000DC580C /* TRDownloadTask.swift */ = {isa = PBXFileReference; lastKnownFileType = sourcecode.swift; path = TRDownloadTask.swift; sourceTree = "<group>"; };
		E1385E0D2382E0BA00DC580C /* TRURLConvertible.swift */ = {isa = PBXFileReference; lastKnownFileType = sourcecode.swift; path = TRURLConvertible.swift; sourceTree = "<group>"; };
		E1DA6447237FDD73005FD6A9 /* TiercelObjCBridge.framework */ = {isa = PBXFileReference; explicitFileType = wrapper.framework; includeInIndex = 0; path = TiercelObjCBridge.framework; sourceTree = BUILT_PRODUCTS_DIR; };
		E1DA644A237FDD73005FD6A9 /* TiercelObjCBridge.h */ = {isa = PBXFileReference; lastKnownFileType = sourcecode.c.h; path = TiercelObjCBridge.h; sourceTree = "<group>"; };
		E1DA644B237FDD73005FD6A9 /* Info.plist */ = {isa = PBXFileReference; lastKnownFileType = text.plist.xml; path = Info.plist; sourceTree = "<group>"; };
		E1DA6453237FDDDA005FD6A9 /* TRSessionManager.swift */ = {isa = PBXFileReference; lastKnownFileType = sourcecode.swift; path = TRSessionManager.swift; sourceTree = "<group>"; };
		E1DA6456237FDE04005FD6A9 /* Tiercel.framework */ = {isa = PBXFileReference; explicitFileType = wrapper.framework; path = Tiercel.framework; sourceTree = BUILT_PRODUCTS_DIR; };
		E1DA645A237FDF9A005FD6A9 /* Tiercel.framework */ = {isa = PBXFileReference; explicitFileType = wrapper.framework; path = Tiercel.framework; sourceTree = BUILT_PRODUCTS_DIR; };
		E1DA645E237FDFA6005FD6A9 /* Tiercel.framework */ = {isa = PBXFileReference; explicitFileType = wrapper.framework; path = Tiercel.framework; sourceTree = BUILT_PRODUCTS_DIR; };
		E1DA645F237FDFAC005FD6A9 /* Tiercel.framework */ = {isa = PBXFileReference; explicitFileType = wrapper.framework; path = Tiercel.framework; sourceTree = BUILT_PRODUCTS_DIR; };
		E1DA646B237FE490005FD6A9 /* Demo.app */ = {isa = PBXFileReference; explicitFileType = wrapper.application; includeInIndex = 0; path = Demo.app; sourceTree = BUILT_PRODUCTS_DIR; };
		E1DA646D237FE490005FD6A9 /* AppDelegate.h */ = {isa = PBXFileReference; lastKnownFileType = sourcecode.c.h; path = AppDelegate.h; sourceTree = "<group>"; };
		E1DA646E237FE490005FD6A9 /* AppDelegate.m */ = {isa = PBXFileReference; lastKnownFileType = sourcecode.c.objc; path = AppDelegate.m; sourceTree = "<group>"; };
		E1DA6473237FE490005FD6A9 /* ViewController.h */ = {isa = PBXFileReference; lastKnownFileType = sourcecode.c.h; path = ViewController.h; sourceTree = "<group>"; };
		E1DA6474237FE490005FD6A9 /* ViewController.m */ = {isa = PBXFileReference; lastKnownFileType = sourcecode.c.objc; path = ViewController.m; sourceTree = "<group>"; };
		E1DA6477237FE490005FD6A9 /* Base */ = {isa = PBXFileReference; lastKnownFileType = file.storyboard; name = Base; path = Base.lproj/Main.storyboard; sourceTree = "<group>"; };
		E1DA6479237FE492005FD6A9 /* Assets.xcassets */ = {isa = PBXFileReference; lastKnownFileType = folder.assetcatalog; path = Assets.xcassets; sourceTree = "<group>"; };
		E1DA647C237FE492005FD6A9 /* Base */ = {isa = PBXFileReference; lastKnownFileType = file.storyboard; name = Base; path = Base.lproj/LaunchScreen.storyboard; sourceTree = "<group>"; };
		E1DA647E237FE492005FD6A9 /* Info.plist */ = {isa = PBXFileReference; lastKnownFileType = text.plist.xml; path = Info.plist; sourceTree = "<group>"; };
		E1DA647F237FE492005FD6A9 /* main.m */ = {isa = PBXFileReference; lastKnownFileType = sourcecode.c.objc; path = main.m; sourceTree = "<group>"; };
		E1DA6484237FEF22005FD6A9 /* TRSessionConfiguration.swift */ = {isa = PBXFileReference; lastKnownFileType = sourcecode.swift; path = TRSessionConfiguration.swift; sourceTree = "<group>"; };
/* End PBXFileReference section */

/* Begin PBXFrameworksBuildPhase section */
		E1DA6444237FDD73005FD6A9 /* Frameworks */ = {
			isa = PBXFrameworksBuildPhase;
			buildActionMask = 2147483647;
			files = (
				E1DA6460237FDFAC005FD6A9 /* Tiercel.framework in Frameworks */,
			);
			runOnlyForDeploymentPostprocessing = 0;
		};
		E1DA6468237FE490005FD6A9 /* Frameworks */ = {
			isa = PBXFrameworksBuildPhase;
			buildActionMask = 2147483647;
			files = (
			);
			runOnlyForDeploymentPostprocessing = 0;
		};
/* End PBXFrameworksBuildPhase section */

/* Begin PBXGroup section */
		E101E4072383D5C30006C296 /* Extensions */ = {
			isa = PBXGroup;
			children = (
				E101E4082383D5E60006C296 /* TaskInfo.swift */,
				E101E40A2383D9900006C296 /* UIDevice+Free.swift */,
			);
			path = Extensions;
			sourceTree = "<group>";
		};
		E1DA643D237FDD73005FD6A9 = {
			isa = PBXGroup;
			children = (
				E1DA6449237FDD73005FD6A9 /* TiercelObjCBridge */,
				E1DA646C237FE490005FD6A9 /* Demo */,
				E1DA6448237FDD73005FD6A9 /* Products */,
				E1DA6455237FDE04005FD6A9 /* Frameworks */,
			);
			sourceTree = "<group>";
		};
		E1DA6448237FDD73005FD6A9 /* Products */ = {
			isa = PBXGroup;
			children = (
				E1DA6447237FDD73005FD6A9 /* TiercelObjCBridge.framework */,
				E1DA646B237FE490005FD6A9 /* Demo.app */,
			);
			name = Products;
			sourceTree = "<group>";
		};
		E1DA6449237FDD73005FD6A9 /* TiercelObjCBridge */ = {
			isa = PBXGroup;
			children = (
				E1DA644A237FDD73005FD6A9 /* TiercelObjCBridge.h */,
				E1DA644B237FDD73005FD6A9 /* Info.plist */,
				E101E4072383D5C30006C296 /* Extensions */,
				E1DA6452237FDDAF005FD6A9 /* General */,
			);
			path = TiercelObjCBridge;
			sourceTree = "<group>";
		};
		E1DA6452237FDDAF005FD6A9 /* General */ = {
			isa = PBXGroup;
			children = (
				E101E4052383AB3F0006C296 /* TRCommon.swift */,
				E1DA6484237FEF22005FD6A9 /* TRSessionConfiguration.swift */,
				E1DA6453237FDDDA005FD6A9 /* TRSessionManager.swift */,
				E1385E0B2382E03000DC580C /* TRDownloadTask.swift */,
				E1385E0D2382E0BA00DC580C /* TRURLConvertible.swift */,
				E101E40323838A8E0006C296 /* TRCache.swift */,
			);
			path = General;
			sourceTree = "<group>";
		};
		E1DA6455237FDE04005FD6A9 /* Frameworks */ = {
			isa = PBXGroup;
			children = (
				E1DA645F237FDFAC005FD6A9 /* Tiercel.framework */,
				E1DA645A237FDF9A005FD6A9 /* Tiercel.framework */,
				E1DA645E237FDFA6005FD6A9 /* Tiercel.framework */,
				E1DA6456237FDE04005FD6A9 /* Tiercel.framework */,
			);
			name = Frameworks;
			sourceTree = "<group>";
		};
		E1DA646C237FE490005FD6A9 /* Demo */ = {
			isa = PBXGroup;
			children = (
				E1DA646D237FE490005FD6A9 /* AppDelegate.h */,
				E1DA646E237FE490005FD6A9 /* AppDelegate.m */,
				E1DA6473237FE490005FD6A9 /* ViewController.h */,
				E1DA6474237FE490005FD6A9 /* ViewController.m */,
				E1DA6476237FE490005FD6A9 /* Main.storyboard */,
				E1DA6479237FE492005FD6A9 /* Assets.xcassets */,
				E1DA647B237FE492005FD6A9 /* LaunchScreen.storyboard */,
				E1DA647E237FE492005FD6A9 /* Info.plist */,
				E1DA647F237FE492005FD6A9 /* main.m */,
			);
			path = Demo;
			sourceTree = "<group>";
		};
/* End PBXGroup section */

/* Begin PBXHeadersBuildPhase section */
		E1DA6442237FDD73005FD6A9 /* Headers */ = {
			isa = PBXHeadersBuildPhase;
			buildActionMask = 2147483647;
			files = (
				E1DA644C237FDD73005FD6A9 /* TiercelObjCBridge.h in Headers */,
			);
			runOnlyForDeploymentPostprocessing = 0;
		};
/* End PBXHeadersBuildPhase section */

/* Begin PBXNativeTarget section */
		E1DA6446237FDD73005FD6A9 /* TiercelObjCBridge */ = {
			isa = PBXNativeTarget;
			buildConfigurationList = E1DA644F237FDD73005FD6A9 /* Build configuration list for PBXNativeTarget "TiercelObjCBridge" */;
			buildPhases = (
				E1DA6442237FDD73005FD6A9 /* Headers */,
				E1DA6443237FDD73005FD6A9 /* Sources */,
				E1DA6444237FDD73005FD6A9 /* Frameworks */,
				E1DA6445237FDD73005FD6A9 /* Resources */,
				E1DA6462237FDFAC005FD6A9 /* Embed Frameworks */,
			);
			buildRules = (
			);
			dependencies = (
			);
			name = TiercelObjCBridge;
			productName = TiercelObjCBridge;
			productReference = E1DA6447237FDD73005FD6A9 /* TiercelObjCBridge.framework */;
			productType = "com.apple.product-type.framework";
		};
		E1DA646A237FE490005FD6A9 /* Demo */ = {
			isa = PBXNativeTarget;
			buildConfigurationList = E1DA6481237FE492005FD6A9 /* Build configuration list for PBXNativeTarget "Demo" */;
			buildPhases = (
				E1DA6467237FE490005FD6A9 /* Sources */,
				E1DA6468237FE490005FD6A9 /* Frameworks */,
				E1DA6469237FE490005FD6A9 /* Resources */,
			);
			buildRules = (
			);
			dependencies = (
			);
			name = Demo;
			productName = Demo;
			productReference = E1DA646B237FE490005FD6A9 /* Demo.app */;
			productType = "com.apple.product-type.application";
		};
/* End PBXNativeTarget section */

/* Begin PBXProject section */
		E1DA643E237FDD73005FD6A9 /* Project object */ = {
			isa = PBXProject;
			attributes = {
				LastUpgradeCheck = 1120;
				ORGANIZATIONNAME = Daniels;
				TargetAttributes = {
					E1DA6446237FDD73005FD6A9 = {
						CreatedOnToolsVersion = 11.2.1;
						LastSwiftMigration = 1120;
					};
					E1DA646A237FE490005FD6A9 = {
						CreatedOnToolsVersion = 11.2.1;
						LastSwiftMigration = 1120;
					};
				};
			};
			buildConfigurationList = E1DA6441237FDD73005FD6A9 /* Build configuration list for PBXProject "TiercelObjCBridge" */;
			compatibilityVersion = "Xcode 9.3";
			developmentRegion = en;
			hasScannedForEncodings = 0;
			knownRegions = (
				en,
				Base,
			);
			mainGroup = E1DA643D237FDD73005FD6A9;
			productRefGroup = E1DA6448237FDD73005FD6A9 /* Products */;
			projectDirPath = "";
			projectRoot = "";
			targets = (
				E1DA6446237FDD73005FD6A9 /* TiercelObjCBridge */,
				E1DA646A237FE490005FD6A9 /* Demo */,
			);
		};
/* End PBXProject section */

/* Begin PBXResourcesBuildPhase section */
		E1DA6445237FDD73005FD6A9 /* Resources */ = {
			isa = PBXResourcesBuildPhase;
			buildActionMask = 2147483647;
			files = (
			);
			runOnlyForDeploymentPostprocessing = 0;
		};
		E1DA6469237FE490005FD6A9 /* Resources */ = {
			isa = PBXResourcesBuildPhase;
			buildActionMask = 2147483647;
			files = (
				E1DA647D237FE492005FD6A9 /* LaunchScreen.storyboard in Resources */,
				E1DA647A237FE492005FD6A9 /* Assets.xcassets in Resources */,
				E1DA6478237FE490005FD6A9 /* Main.storyboard in Resources */,
			);
			runOnlyForDeploymentPostprocessing = 0;
		};
/* End PBXResourcesBuildPhase section */

/* Begin PBXSourcesBuildPhase section */
		E1DA6443237FDD73005FD6A9 /* Sources */ = {
			isa = PBXSourcesBuildPhase;
			buildActionMask = 2147483647;
			files = (
				E101E4062383AB3F0006C296 /* TRCommon.swift in Sources */,
				E101E40B2383D9900006C296 /* UIDevice+Free.swift in Sources */,
				E101E4092383D5E60006C296 /* TaskInfo.swift in Sources */,
				E1385E0C2382E03000DC580C /* TRDownloadTask.swift in Sources */,
				E1DA6454237FDDDA005FD6A9 /* TRSessionManager.swift in Sources */,
				E101E40423838A8E0006C296 /* TRCache.swift in Sources */,
				E1DA6485237FEF22005FD6A9 /* TRSessionConfiguration.swift in Sources */,
				E1385E0E2382E0BA00DC580C /* TRURLConvertible.swift in Sources */,
			);
			runOnlyForDeploymentPostprocessing = 0;
		};
		E1DA6467237FE490005FD6A9 /* Sources */ = {
			isa = PBXSourcesBuildPhase;
			buildActionMask = 2147483647;
			files = (
				E1DA6475237FE490005FD6A9 /* ViewController.m in Sources */,
				E1DA646F237FE490005FD6A9 /* AppDelegate.m in Sources */,
				E1DA6480237FE492005FD6A9 /* main.m in Sources */,
			);
			runOnlyForDeploymentPostprocessing = 0;
		};
/* End PBXSourcesBuildPhase section */

/* Begin PBXVariantGroup section */
		E1DA6476237FE490005FD6A9 /* Main.storyboard */ = {
			isa = PBXVariantGroup;
			children = (
				E1DA6477237FE490005FD6A9 /* Base */,
			);
			name = Main.storyboard;
			sourceTree = "<group>";
		};
		E1DA647B237FE492005FD6A9 /* LaunchScreen.storyboard */ = {
			isa = PBXVariantGroup;
			children = (
				E1DA647C237FE492005FD6A9 /* Base */,
			);
			name = LaunchScreen.storyboard;
			sourceTree = "<group>";
		};
/* End PBXVariantGroup section */

/* Begin XCBuildConfiguration section */
		E1DA644D237FDD73005FD6A9 /* Debug */ = {
			isa = XCBuildConfiguration;
			buildSettings = {
				ALWAYS_SEARCH_USER_PATHS = NO;
				CLANG_ANALYZER_NONNULL = YES;
				CLANG_ANALYZER_NUMBER_OBJECT_CONVERSION = YES_AGGRESSIVE;
				CLANG_CXX_LANGUAGE_STANDARD = "gnu++14";
				CLANG_CXX_LIBRARY = "libc++";
				CLANG_ENABLE_MODULES = YES;
				CLANG_ENABLE_OBJC_ARC = YES;
				CLANG_ENABLE_OBJC_WEAK = YES;
				CLANG_WARN_BLOCK_CAPTURE_AUTORELEASING = YES;
				CLANG_WARN_BOOL_CONVERSION = YES;
				CLANG_WARN_COMMA = YES;
				CLANG_WARN_CONSTANT_CONVERSION = YES;
				CLANG_WARN_DEPRECATED_OBJC_IMPLEMENTATIONS = YES;
				CLANG_WARN_DIRECT_OBJC_ISA_USAGE = YES_ERROR;
				CLANG_WARN_DOCUMENTATION_COMMENTS = YES;
				CLANG_WARN_EMPTY_BODY = YES;
				CLANG_WARN_ENUM_CONVERSION = YES;
				CLANG_WARN_INFINITE_RECURSION = YES;
				CLANG_WARN_INT_CONVERSION = YES;
				CLANG_WARN_NON_LITERAL_NULL_CONVERSION = YES;
				CLANG_WARN_OBJC_IMPLICIT_RETAIN_SELF = YES;
				CLANG_WARN_OBJC_LITERAL_CONVERSION = YES;
				CLANG_WARN_OBJC_ROOT_CLASS = YES_ERROR;
				CLANG_WARN_RANGE_LOOP_ANALYSIS = YES;
				CLANG_WARN_STRICT_PROTOTYPES = YES;
				CLANG_WARN_SUSPICIOUS_MOVE = YES;
				CLANG_WARN_UNGUARDED_AVAILABILITY = YES_AGGRESSIVE;
				CLANG_WARN_UNREACHABLE_CODE = YES;
				CLANG_WARN__DUPLICATE_METHOD_MATCH = YES;
				COPY_PHASE_STRIP = NO;
				CURRENT_PROJECT_VERSION = 1;
				DEBUG_INFORMATION_FORMAT = dwarf;
				ENABLE_STRICT_OBJC_MSGSEND = YES;
				ENABLE_TESTABILITY = YES;
				GCC_C_LANGUAGE_STANDARD = gnu11;
				GCC_DYNAMIC_NO_PIC = NO;
				GCC_NO_COMMON_BLOCKS = YES;
				GCC_OPTIMIZATION_LEVEL = 0;
				GCC_PREPROCESSOR_DEFINITIONS = (
					"DEBUG=1",
					"$(inherited)",
				);
				GCC_WARN_64_TO_32_BIT_CONVERSION = YES;
				GCC_WARN_ABOUT_RETURN_TYPE = YES_ERROR;
				GCC_WARN_UNDECLARED_SELECTOR = YES;
				GCC_WARN_UNINITIALIZED_AUTOS = YES_AGGRESSIVE;
				GCC_WARN_UNUSED_FUNCTION = YES;
				GCC_WARN_UNUSED_VARIABLE = YES;
				IPHONEOS_DEPLOYMENT_TARGET = 13.2;
				MTL_ENABLE_DEBUG_INFO = INCLUDE_SOURCE;
				MTL_FAST_MATH = YES;
				ONLY_ACTIVE_ARCH = YES;
				SDKROOT = iphoneos;
				SWIFT_ACTIVE_COMPILATION_CONDITIONS = DEBUG;
				SWIFT_OPTIMIZATION_LEVEL = "-Onone";
				VERSIONING_SYSTEM = "apple-generic";
				VERSION_INFO_PREFIX = "";
			};
			name = Debug;
		};
		E1DA644E237FDD73005FD6A9 /* Release */ = {
			isa = XCBuildConfiguration;
			buildSettings = {
				ALWAYS_SEARCH_USER_PATHS = NO;
				CLANG_ANALYZER_NONNULL = YES;
				CLANG_ANALYZER_NUMBER_OBJECT_CONVERSION = YES_AGGRESSIVE;
				CLANG_CXX_LANGUAGE_STANDARD = "gnu++14";
				CLANG_CXX_LIBRARY = "libc++";
				CLANG_ENABLE_MODULES = YES;
				CLANG_ENABLE_OBJC_ARC = YES;
				CLANG_ENABLE_OBJC_WEAK = YES;
				CLANG_WARN_BLOCK_CAPTURE_AUTORELEASING = YES;
				CLANG_WARN_BOOL_CONVERSION = YES;
				CLANG_WARN_COMMA = YES;
				CLANG_WARN_CONSTANT_CONVERSION = YES;
				CLANG_WARN_DEPRECATED_OBJC_IMPLEMENTATIONS = YES;
				CLANG_WARN_DIRECT_OBJC_ISA_USAGE = YES_ERROR;
				CLANG_WARN_DOCUMENTATION_COMMENTS = YES;
				CLANG_WARN_EMPTY_BODY = YES;
				CLANG_WARN_ENUM_CONVERSION = YES;
				CLANG_WARN_INFINITE_RECURSION = YES;
				CLANG_WARN_INT_CONVERSION = YES;
				CLANG_WARN_NON_LITERAL_NULL_CONVERSION = YES;
				CLANG_WARN_OBJC_IMPLICIT_RETAIN_SELF = YES;
				CLANG_WARN_OBJC_LITERAL_CONVERSION = YES;
				CLANG_WARN_OBJC_ROOT_CLASS = YES_ERROR;
				CLANG_WARN_RANGE_LOOP_ANALYSIS = YES;
				CLANG_WARN_STRICT_PROTOTYPES = YES;
				CLANG_WARN_SUSPICIOUS_MOVE = YES;
				CLANG_WARN_UNGUARDED_AVAILABILITY = YES_AGGRESSIVE;
				CLANG_WARN_UNREACHABLE_CODE = YES;
				CLANG_WARN__DUPLICATE_METHOD_MATCH = YES;
				COPY_PHASE_STRIP = NO;
				CURRENT_PROJECT_VERSION = 1;
				DEBUG_INFORMATION_FORMAT = "dwarf-with-dsym";
				ENABLE_NS_ASSERTIONS = NO;
				ENABLE_STRICT_OBJC_MSGSEND = YES;
				GCC_C_LANGUAGE_STANDARD = gnu11;
				GCC_NO_COMMON_BLOCKS = YES;
				GCC_WARN_64_TO_32_BIT_CONVERSION = YES;
				GCC_WARN_ABOUT_RETURN_TYPE = YES_ERROR;
				GCC_WARN_UNDECLARED_SELECTOR = YES;
				GCC_WARN_UNINITIALIZED_AUTOS = YES_AGGRESSIVE;
				GCC_WARN_UNUSED_FUNCTION = YES;
				GCC_WARN_UNUSED_VARIABLE = YES;
				IPHONEOS_DEPLOYMENT_TARGET = 13.2;
				MTL_ENABLE_DEBUG_INFO = NO;
				MTL_FAST_MATH = YES;
				SDKROOT = iphoneos;
				SWIFT_COMPILATION_MODE = wholemodule;
				SWIFT_OPTIMIZATION_LEVEL = "-O";
				VALIDATE_PRODUCT = YES;
				VERSIONING_SYSTEM = "apple-generic";
				VERSION_INFO_PREFIX = "";
			};
			name = Release;
		};
		E1DA6450237FDD73005FD6A9 /* Debug */ = {
			isa = XCBuildConfiguration;
			buildSettings = {
				CLANG_ENABLE_MODULES = YES;
				CODE_SIGN_STYLE = Automatic;
				DEFINES_MODULE = YES;
				DEVELOPMENT_TEAM = Y3437T5EGX;
				DYLIB_COMPATIBILITY_VERSION = 1;
				DYLIB_CURRENT_VERSION = 1;
				DYLIB_INSTALL_NAME_BASE = "@rpath";
				INFOPLIST_FILE = TiercelObjCBridge/Info.plist;
				INSTALL_PATH = "$(LOCAL_LIBRARY_DIR)/Frameworks";
				IPHONEOS_DEPLOYMENT_TARGET = 8.0;
				LD_RUNPATH_SEARCH_PATHS = (
					"$(inherited)",
					"@executable_path/Frameworks",
					"@loader_path/Frameworks",
				);
				PRODUCT_BUNDLE_IDENTIFIER = com.Daniels.TiercelObjCBridge;
				PRODUCT_NAME = "$(TARGET_NAME:c99extidentifier)";
				SKIP_INSTALL = YES;
				SWIFT_OPTIMIZATION_LEVEL = "-Onone";
				SWIFT_VERSION = 5.0;
				TARGETED_DEVICE_FAMILY = "1,2";
			};
			name = Debug;
		};
		E1DA6451237FDD73005FD6A9 /* Release */ = {
			isa = XCBuildConfiguration;
			buildSettings = {
				CLANG_ENABLE_MODULES = YES;
				CODE_SIGN_STYLE = Automatic;
				DEFINES_MODULE = YES;
				DEVELOPMENT_TEAM = Y3437T5EGX;
				DYLIB_COMPATIBILITY_VERSION = 1;
				DYLIB_CURRENT_VERSION = 1;
				DYLIB_INSTALL_NAME_BASE = "@rpath";
				INFOPLIST_FILE = TiercelObjCBridge/Info.plist;
				INSTALL_PATH = "$(LOCAL_LIBRARY_DIR)/Frameworks";
				IPHONEOS_DEPLOYMENT_TARGET = 8.0;
				LD_RUNPATH_SEARCH_PATHS = (
					"$(inherited)",
					"@executable_path/Frameworks",
					"@loader_path/Frameworks",
				);
				PRODUCT_BUNDLE_IDENTIFIER = com.Daniels.TiercelObjCBridge;
				PRODUCT_NAME = "$(TARGET_NAME:c99extidentifier)";
				SKIP_INSTALL = YES;
				SWIFT_VERSION = 5.0;
				TARGETED_DEVICE_FAMILY = "1,2";
			};
			name = Release;
		};
		E1DA6482237FE492005FD6A9 /* Debug */ = {
			isa = XCBuildConfiguration;
			buildSettings = {
				ASSETCATALOG_COMPILER_APPICON_NAME = AppIcon;
				CLANG_ENABLE_MODULES = YES;
				CODE_SIGN_STYLE = Automatic;
				DEVELOPMENT_TEAM = Y3437T5EGX;
				INFOPLIST_FILE = Demo/Info.plist;
				LD_RUNPATH_SEARCH_PATHS = (
					"$(inherited)",
					"@executable_path/Frameworks",
				);
				PRODUCT_BUNDLE_IDENTIFIER = com.Daniels.Demo;
				PRODUCT_NAME = "$(TARGET_NAME)";
				SWIFT_OBJC_BRIDGING_HEADER = "Demo/Demo-Bridging-Header.h";
				SWIFT_OPTIMIZATION_LEVEL = "-Onone";
				SWIFT_VERSION = 5.0;
				TARGETED_DEVICE_FAMILY = "1,2";
			};
			name = Debug;
		};
		E1DA6483237FE492005FD6A9 /* Release */ = {
			isa = XCBuildConfiguration;
			buildSettings = {
				ASSETCATALOG_COMPILER_APPICON_NAME = AppIcon;
				CLANG_ENABLE_MODULES = YES;
				CODE_SIGN_STYLE = Automatic;
				DEVELOPMENT_TEAM = Y3437T5EGX;
				INFOPLIST_FILE = Demo/Info.plist;
				LD_RUNPATH_SEARCH_PATHS = (
					"$(inherited)",
					"@executable_path/Frameworks",
				);
				PRODUCT_BUNDLE_IDENTIFIER = com.Daniels.Demo;
				PRODUCT_NAME = "$(TARGET_NAME)";
				SWIFT_OBJC_BRIDGING_HEADER = "Demo/Demo-Bridging-Header.h";
				SWIFT_VERSION = 5.0;
				TARGETED_DEVICE_FAMILY = "1,2";
			};
			name = Release;
		};
/* End XCBuildConfiguration section */

/* Begin XCConfigurationList section */
		E1DA6441237FDD73005FD6A9 /* Build configuration list for PBXProject "TiercelObjCBridge" */ = {
			isa = XCConfigurationList;
			buildConfigurations = (
				E1DA644D237FDD73005FD6A9 /* Debug */,
				E1DA644E237FDD73005FD6A9 /* Release */,
			);
			defaultConfigurationIsVisible = 0;
			defaultConfigurationName = Release;
		};
		E1DA644F237FDD73005FD6A9 /* Build configuration list for PBXNativeTarget "TiercelObjCBridge" */ = {
			isa = XCConfigurationList;
			buildConfigurations = (
				E1DA6450237FDD73005FD6A9 /* Debug */,
				E1DA6451237FDD73005FD6A9 /* Release */,
			);
			defaultConfigurationIsVisible = 0;
			defaultConfigurationName = Release;
		};
		E1DA6481237FE492005FD6A9 /* Build configuration list for PBXNativeTarget "Demo" */ = {
			isa = XCConfigurationList;
			buildConfigurations = (
				E1DA6482237FE492005FD6A9 /* Debug */,
				E1DA6483237FE492005FD6A9 /* Release */,
			);
			defaultConfigurationIsVisible = 0;
			defaultConfigurationName = Release;
		};
/* End XCConfigurationList section */
	};
	rootObject = E1DA643E237FDD73005FD6A9 /* Project object */;
}
